{
    "name": "node-time-engine",
    "version": "0.0.1",
    "lockfileVersion": 2,
    "requires": true,
    "packages": {
        "": {
            "name": "node-time-engine",
            "version": "0.0.1",
            "license": "SEE LICENSE IN ./LICENSE",
            "dependencies": {
                "@types/node": "^16.11.40"
            },
            "peerDependencies": {
                "time-engine-like": "github:zimtsui/time-engine-like"
            }
        },
        "node_modules/@types/node": {
            "version": "16.11.40",
            "resolved": "https://registry.npmmirror.com/@types/node/-/node-16.11.40.tgz",
            "integrity": "sha512-7bOWglXUO6f21NG3YDI7hIpeMX3M59GG+DzZuzX2EkFKYUnRoxq3EOg4R0KNv2hxryY9M3UUqG5akwwsifrukw=="
        },
        "node_modules/@zimtsui/manual-promise": {
            "version": "0.0.5",
            "resolved": "https://registry.npmmirror.com/@zimtsui/manual-promise/-/manual-promise-0.0.5.tgz",
            "integrity": "sha512-hdOll16TAHv/g+BtZmiZ3XbrrEzhlO13AYSTjqXI7qobl6AwHTBm9z0pniUlQbBFtWnC3Md7In6XwKNsVZloYQ==",
            "peer": true
        },
        "node_modules/time-engine-like": {
            "version": "0.0.1",
            "resolved": "git+ssh://git@github.com/zimtsui/time-engine-like.git#133b39fda2ea731020f4928a28f0c941f261bf5d",
            "peer": true,
            "dependencies": {
                "@zimtsui/manual-promise": "^0.0.5"
            }
        }
    },
    "dependencies": {
        "@types/node": {
            "version": "16.11.40",
            "resolved": "https://registry.npmmirror.com/@types/node/-/node-16.11.40.tgz",
            "integrity": "sha512-7bOWglXUO6f21NG3YDI7hIpeMX3M59GG+DzZuzX2EkFKYUnRoxq3EOg4R0KNv2hxryY9M3UUqG5akwwsifrukw=="
        },
        "@zimtsui/manual-promise": {
            "version": "0.0.5",
            "resolved": "https://registry.npmmirror.com/@zimtsui/manual-promise/-/manual-promise-0.0.5.tgz",
            "integrity": "sha512-hdOll16TAHv/g+BtZmiZ3XbrrEzhlO13AYSTjqXI7qobl6AwHTBm9z0pniUlQbBFtWnC3Md7In6XwKNsVZloYQ==",
            "peer": true
        },
        "time-engine-like": {
            "version": "git+ssh://git@github.com/zimtsui/time-engine-like.git#133b39fda2ea731020f4928a28f0c941f261bf5d",
            "from": "time-engine-like@github:zimtsui/time-engine-like",
            "peer": true,
            "requires": {
                "@zimtsui/manual-promise": "^0.0.5"
            }
        }
    }
}
