{
    "name": "timeout",
    "version": "0.0.1",
    "lockfileVersion": 2,
    "requires": true,
    "packages": {
        "": {
            "version": "0.0.1",
            "license": "SEE LICENSE IN ./LICENSE",
            "dependencies": {
                "@types/node": "^14.14.43"
            }
        },
        "node_modules/@types/node": {
            "version": "14.17.21",
            "resolved": "https://repo.huaweicloud.com/repository/npm/@types/node/-/node-14.17.21.tgz",
            "integrity": "sha512-zv8ukKci1mrILYiQOwGSV4FpkZhyxQtuFWGya2GujWg+zVAeRQ4qbaMmWp9vb9889CFA8JECH7lkwCL6Ygg8kA==",
            "license": "MIT"
        }
    },
    "dependencies": {
        "@types/node": {
            "version": "14.17.21",
            "resolved": "https://repo.huaweicloud.com/repository/npm/@types/node/-/node-14.17.21.tgz",
            "integrity": "sha512-zv8ukKci1mrILYiQOwGSV4FpkZhyxQtuFWGya2GujWg+zVAeRQ4qbaMmWp9vb9889CFA8JECH7lkwCL6Ygg8kA=="
        }
    }
}
