{
    "name": "node-time-engine",
    "version": "0.0.1",
    "lockfileVersion": 2,
    "requires": true,
    "packages": {
        "": {
            "name": "node-time-engine",
            "version": "0.0.1",
            "license": "SEE LICENSE IN ./LICENSE",
            "peerDependencies": {
                "@types/node": "16.0.3",
                "cancellable": "github:zimtsui/cancellable"
            }
        },
        "node_modules/@types/node": {
            "version": "16.0.3",
            "resolved": "https://registry.npmmirror.com/@types/node/-/node-16.0.3.tgz",
            "integrity": "sha512-QhhSbE1wJMbh+lDsb9G6UFmyojhEgoO7dFVDBkli80sp3sPFojGh6TJXsht9Qbe2VWi91pbj08+1Kvue61RwsQ==",
            "peer": true
        },
        "node_modules/cancellable": {
            "version": "0.0.1",
            "resolved": "git+ssh://git@github.com/zimtsui/cancellable.git#2f47b2145373f1b18f47f46988b92656e1303473",
            "license": "SEE LICENSE IN ./LICENSE",
            "peer": true,
            "dependencies": {
                "manual-promise": "github:zimtsui/manual-promise"
            }
        },
        "node_modules/manual-promise": {
            "version": "0.0.1",
            "resolved": "git+ssh://git@github.com/zimtsui/manual-promise.git#ed9641e7da07d07e6031d5b004da72f8a08ac482",
            "peer": true
        }
    },
    "dependencies": {
        "@types/node": {
            "version": "16.0.3",
            "resolved": "https://registry.npmmirror.com/@types/node/-/node-16.0.3.tgz",
            "integrity": "sha512-QhhSbE1wJMbh+lDsb9G6UFmyojhEgoO7dFVDBkli80sp3sPFojGh6TJXsht9Qbe2VWi91pbj08+1Kvue61RwsQ==",
            "peer": true
        },
        "cancellable": {
            "version": "git+ssh://git@github.com/zimtsui/cancellable.git#2f47b2145373f1b18f47f46988b92656e1303473",
            "from": "cancellable@github:zimtsui/cancellable",
            "peer": true,
            "requires": {
                "manual-promise": "github:zimtsui/manual-promise"
            }
        },
        "manual-promise": {
            "version": "git+ssh://git@github.com/zimtsui/manual-promise.git#ed9641e7da07d07e6031d5b004da72f8a08ac482",
            "from": "manual-promise@github:zimtsui/manual-promise",
            "peer": true
        }
    }
}
